
Microsoft Visual Studio Solution File, Format Version 12.00
# Visual Studio Version 17
VisualStudioVersion = 17.3.32825.248
MinimumVisualStudioVersion = 10.0.40219.1
Project("{FAE04EC0-301F-11D3-BF4B-00C04F79EFBC}") = "Course_project_OOP_137knz", "Course_project_OOP_137knz.csproj", "{750BD461-56B8-4DAD-A688-359EFD536B13}"
EndProject
Global
	GlobalSection(SolutionConfigurationPlatforms) = preSolution
		Debug|Any CPU = Debug|Any CPU
		Release|Any CPU = Release|Any CPU
	EndGlobalSection
	GlobalSection(ProjectConfigurationPlatforms) = postSolution
		{750BD461-56B8-4DAD-A688-359EFD536B13}.Debug|Any CPU.ActiveCfg = Debug|Any CPU
		{750BD461-56B8-4DAD-A688-359EFD536B13}.Debug|Any CPU.Build.0 = Debug|Any CPU
		{750BD461-56B8-4DAD-A688-359EFD536B13}.Release|Any CPU.ActiveCfg = Release|Any CPU
		{750BD461-56B8-4DAD-A688-359EFD536B13}.Release|Any CPU.Build.0 = Release|Any CPU
	EndGlobalSection
	GlobalSection(SolutionProperties) = preSolution
		HideSolutionNode = FALSE
	EndGlobalSection
	GlobalSection(ExtensibilityGlobals) = postSolution
		SolutionGuid = {08D7E339-FD89-4363-B091-7C15B5418CE8}
	EndGlobalSection
EndGlobal
